
Microsoft Visual Studio Solution File, Format Version 12.00
# Visual Studio Version 17
VisualStudioVersion = 17.0.31903.59
MinimumVisualStudioVersion = 10.0.40219.1
Project("{FAE04EC0-301F-11D3-BF4B-00C04F79EFBC}") = "API", "API\API.csproj", "{EADF1797-39FD-4391-ADE9-09847BFF0256}"
EndProject
Project("{FAE04EC0-301F-11D3-BF4B-00C04F79EFBC}") = "Application", "Application\Application.csproj", "{59FD3AD3-2D33-4B2B-94DA-C58140939CF5}"
EndProject
Project("{FAE04EC0-301F-11D3-BF4B-00C04F79EFBC}") = "Domain", "Domain\Domain.csproj", "{F627FAD9-C44A-43C5-9E09-A7751A590548}"
EndProject
Project("{FAE04EC0-301F-11D3-BF4B-00C04F79EFBC}") = "Persistence", "Persistence\Persistence.csproj", "{3565D9C3-6B59-4399-B6BF-EEF3ECCF5C8E}"
EndProject
Global
	GlobalSection(SolutionConfigurationPlatforms) = preSolution
		Debug|Any CPU = Debug|Any CPU
		Release|Any CPU = Release|Any CPU
	EndGlobalSection
	GlobalSection(SolutionProperties) = preSolution
		HideSolutionNode = FALSE
	EndGlobalSection
	GlobalSection(ProjectConfigurationPlatforms) = postSolution
		{EADF1797-39FD-4391-ADE9-09847BFF0256}.Debug|Any CPU.ActiveCfg = Debug|Any CPU
		{EADF1797-39FD-4391-ADE9-09847BFF0256}.Debug|Any CPU.Build.0 = Debug|Any CPU
		{EADF1797-39FD-4391-ADE9-09847BFF0256}.Release|Any CPU.ActiveCfg = Release|Any CPU
		{EADF1797-39FD-4391-ADE9-09847BFF0256}.Release|Any CPU.Build.0 = Release|Any CPU
		{59FD3AD3-2D33-4B2B-94DA-C58140939CF5}.Debug|Any CPU.ActiveCfg = Debug|Any CPU
		{59FD3AD3-2D33-4B2B-94DA-C58140939CF5}.Debug|Any CPU.Build.0 = Debug|Any CPU
		{59FD3AD3-2D33-4B2B-94DA-C58140939CF5}.Release|Any CPU.ActiveCfg = Release|Any CPU
		{59FD3AD3-2D33-4B2B-94DA-C58140939CF5}.Release|Any CPU.Build.0 = Release|Any CPU
		{F627FAD9-C44A-43C5-9E09-A7751A590548}.Debug|Any CPU.ActiveCfg = Debug|Any CPU
		{F627FAD9-C44A-43C5-9E09-A7751A590548}.Debug|Any CPU.Build.0 = Debug|Any CPU
		{F627FAD9-C44A-43C5-9E09-A7751A590548}.Release|Any CPU.ActiveCfg = Release|Any CPU
		{F627FAD9-C44A-43C5-9E09-A7751A590548}.Release|Any CPU.Build.0 = Release|Any CPU
		{3565D9C3-6B59-4399-B6BF-EEF3ECCF5C8E}.Debug|Any CPU.ActiveCfg = Debug|Any CPU
		{3565D9C3-6B59-4399-B6BF-EEF3ECCF5C8E}.Debug|Any CPU.Build.0 = Debug|Any CPU
		{3565D9C3-6B59-4399-B6BF-EEF3ECCF5C8E}.Release|Any CPU.ActiveCfg = Release|Any CPU
		{3565D9C3-6B59-4399-B6BF-EEF3ECCF5C8E}.Release|Any CPU.Build.0 = Release|Any CPU
	EndGlobalSection
EndGlobal
